
Microsoft Visual Studio Solution File, Format Version 12.00
# Visual Studio 15
VisualStudioVersion = 15.0.28307.329
MinimumVisualStudioVersion = 10.0.40219.1
Project("{9A19103F-16F7-4668-BE54-9A1E7A4F7556}") = "MobilePay", "MobilePay\MobilePay.csproj", "{8D8B6E08-102D-419D-A79F-6D1EB5FD5536}"
EndProject
Project("{9A19103F-16F7-4668-BE54-9A1E7A4F7556}") = "MobilePay.Services", "MobilePay.Services\MobilePay.Services.csproj", "{4F262473-EAA5-4547-9E66-3D66DB5339A9}"
EndProject
Project("{9A19103F-16F7-4668-BE54-9A1E7A4F7556}") = "MobilePay.Contracts", "MobilePay.Contracts\MobilePay.Contracts.csproj", "{8DADF9AC-ED62-4995-976C-0FE25F1EFFDD}"
EndProject
Project("{9A19103F-16F7-4668-BE54-9A1E7A4F7556}") = "MobilePay.Tests", "MobilePay.Tests\MobilePay.Tests.csproj", "{FA2FFC3E-B3EE-45CA-A5E9-5465F6CCF259}"
EndProject
Global
	GlobalSection(SolutionConfigurationPlatforms) = preSolution
		Debug|Any CPU = Debug|Any CPU
		Release|Any CPU = Release|Any CPU
	EndGlobalSection
	GlobalSection(ProjectConfigurationPlatforms) = postSolution
		{8D8B6E08-102D-419D-A79F-6D1EB5FD5536}.Debug|Any CPU.ActiveCfg = Debug|Any CPU
		{8D8B6E08-102D-419D-A79F-6D1EB5FD5536}.Debug|Any CPU.Build.0 = Debug|Any CPU
		{8D8B6E08-102D-419D-A79F-6D1EB5FD5536}.Release|Any CPU.ActiveCfg = Release|Any CPU
		{8D8B6E08-102D-419D-A79F-6D1EB5FD5536}.Release|Any CPU.Build.0 = Release|Any CPU
		{4F262473-EAA5-4547-9E66-3D66DB5339A9}.Debug|Any CPU.ActiveCfg = Debug|Any CPU
		{4F262473-EAA5-4547-9E66-3D66DB5339A9}.Debug|Any CPU.Build.0 = Debug|Any CPU
		{4F262473-EAA5-4547-9E66-3D66DB5339A9}.Release|Any CPU.ActiveCfg = Release|Any CPU
		{4F262473-EAA5-4547-9E66-3D66DB5339A9}.Release|Any CPU.Build.0 = Release|Any CPU
		{8DADF9AC-ED62-4995-976C-0FE25F1EFFDD}.Debug|Any CPU.ActiveCfg = Debug|Any CPU
		{8DADF9AC-ED62-4995-976C-0FE25F1EFFDD}.Debug|Any CPU.Build.0 = Debug|Any CPU
		{8DADF9AC-ED62-4995-976C-0FE25F1EFFDD}.Release|Any CPU.ActiveCfg = Release|Any CPU
		{8DADF9AC-ED62-4995-976C-0FE25F1EFFDD}.Release|Any CPU.Build.0 = Release|Any CPU
		{FA2FFC3E-B3EE-45CA-A5E9-5465F6CCF259}.Debug|Any CPU.ActiveCfg = Debug|Any CPU
		{FA2FFC3E-B3EE-45CA-A5E9-5465F6CCF259}.Debug|Any CPU.Build.0 = Debug|Any CPU
		{FA2FFC3E-B3EE-45CA-A5E9-5465F6CCF259}.Release|Any CPU.ActiveCfg = Release|Any CPU
		{FA2FFC3E-B3EE-45CA-A5E9-5465F6CCF259}.Release|Any CPU.Build.0 = Release|Any CPU
	EndGlobalSection
	GlobalSection(SolutionProperties) = preSolution
		HideSolutionNode = FALSE
	EndGlobalSection
	GlobalSection(ExtensibilityGlobals) = postSolution
		SolutionGuid = {811A5206-48D8-4438-BFE0-57AA974CA727}
	EndGlobalSection
EndGlobal
